
Microsoft Visual Studio Solution File, Format Version 12.00
# Visual Studio 15
VisualStudioVersion = 15.0.27130.2020
MinimumVisualStudioVersion = 10.0.40219.1
Project("{FAE04EC0-301F-11D3-BF4B-00C04F79EFBC}") = "SequenceCalculator", "SequenceCalculator\SequenceCalculator.csproj", "{F81E5952-FFDA-4DFE-AA01-0624193D3475}"
EndProject
Global
	GlobalSection(SolutionConfigurationPlatforms) = preSolution
		Debug|Any CPU = Debug|Any CPU
		Release|Any CPU = Release|Any CPU
	EndGlobalSection
	GlobalSection(ProjectConfigurationPlatforms) = postSolution
		{F81E5952-FFDA-4DFE-AA01-0624193D3475}.Debug|Any CPU.ActiveCfg = Debug|Any CPU
		{F81E5952-FFDA-4DFE-AA01-0624193D3475}.Debug|Any CPU.Build.0 = Debug|Any CPU
		{F81E5952-FFDA-4DFE-AA01-0624193D3475}.Release|Any CPU.ActiveCfg = Release|Any CPU
		{F81E5952-FFDA-4DFE-AA01-0624193D3475}.Release|Any CPU.Build.0 = Release|Any CPU
	EndGlobalSection
	GlobalSection(SolutionProperties) = preSolution
		HideSolutionNode = FALSE
	EndGlobalSection
	GlobalSection(ExtensibilityGlobals) = postSolution
		SolutionGuid = {219E011E-634C-40B1-8C65-C9C6E957C4F6}
	EndGlobalSection
EndGlobal
